// !$*UTF8*$!
{
	archiveVersion = 1;
	classes = {
	};
	objectVersion = 77;
	objects = {

/* Begin PBXContainerItemProxy section */
		C9CDA9A02FE02D45009988B8 /* PBXContainerItemProxy */ = {
			isa = PBXContainerItemProxy;
			containerPortal = C9CDA98A2FE02D43009988B8 /* Project object */;
			proxyType = 1;
			remoteGlobalIDString = C9CDA9912FE02D43009988B8;
			remoteInfo = Mise;
		};
		C9CDA9AA2FE02D46009988B8 /* PBXContainerItemProxy */ = {
			isa = PBXContainerItemProxy;
			containerPortal = C9CDA98A2FE02D43009988B8 /* Project object */;
			proxyType = 1;
			remoteGlobalIDString = C9CDA9912FE02D43009988B8;
			remoteInfo = Mise;
		};
/* End PBXContainerItemProxy section */

/* Begin PBXFileReference section */
		C9CDA9922FE02D43009988B8 /* MiseControl.app */ = {isa = PBXFileReference; explicitFileType = wrapper.application; includeInIndex = 0; path = MiseControl.app; sourceTree = BUILT_PRODUCTS_DIR; };
		C9CDA99F2FE02D45009988B8 /* MiseTests.xctest */ = {isa = PBXFileReference; explicitFileType = wrapper.cfbundle; includeInIndex = 0; path = MiseTests.xctest; sourceTree = BUILT_PRODUCTS_DIR; };
		C9CDA9A92FE02D46009988B8 /* MiseUITests.xctest */ = {isa = PBXFileReference; explicitFileType = wrapper.cfbundle; includeInIndex = 0; path = MiseUITests.xctest; sourceTree = BUILT_PRODUCTS_DIR; };
/* End PBXFileReference section */

/* Begin PBXFileSystemSynchronizedRootGroup section */
		C9CDA9942FE02D43009988B8 /* Mise */ = {
			isa = PBXFileSystemSynchronizedRootGroup;
			path = Mise;
			sourceTree = "<group>";
		};
		C9CDA9A22FE02D45009988B8 /* MiseTests */ = {
			isa = PBXFileSystemSynchronizedRootGroup;
			path = MiseTests;
			sourceTree = "<group>";
		};
		C9CDA9AC2FE02D46009988B8 /* MiseUITests */ = {
			isa = PBXFileSystemSynchronizedRootGroup;
			path = MiseUITests;
			sourceTree = "<group>";
		};
/* End PBXFileSystemSynchronizedRootGroup section */

/* Begin PBXFrameworksBuildPhase section */
		C9CDA98F2FE02D43009988B8 /* Frameworks */ = {
			isa = PBXFrameworksBuildPhase;
			buildActionMask = 2147483647;
			files = (
			);
			runOnlyForDeploymentPostprocessing = 0;
		};
		C9CDA99C2FE02D45009988B8 /* Frameworks */ = {
			isa = PBXFrameworksBuildPhase;
			buildActionMask = 2147483647;
			files = (
			);
			runOnlyForDeploymentPostprocessing = 0;
		};
		C9CDA9A62FE02D46009988B8 /* Frameworks */ = {
			isa = PBXFrameworksBuildPhase;
			buildActionMask = 2147483647;
			files = (
			);
			runOnlyForDeploymentPostprocessing = 0;
		};
/* End PBXFrameworksBuildPhase section */

/* Begin PBXGroup section */
		C9CDA9892FE02D43009988B8 = {
			isa = PBXGroup;
			children = (
				C9CDA9942FE02D43009988B8 /* Mise */,
				C9CDA9A22FE02D45009988B8 /* MiseTests */,
				C9CDA9AC2FE02D46009988B8 /* MiseUITests */,
				C9CDA9932FE02D43009988B8 /* Products */,
			);
			sourceTree = "<group>";
		};
		C9CDA9932FE02D43009988B8 /* Products */ = {
			isa = PBXGroup;
			children = (
				C9CDA9922FE02D43009988B8 /* MiseControl.app */,
				C9CDA99F2FE02D45009988B8 /* MiseTests.xctest */,
				C9CDA9A92FE02D46009988B8 /* MiseUITests.xctest */,
			);
			name = Products;
			sourceTree = "<group>";
		};
/* End PBXGroup section */

/* Begin PBXNativeTarget section */
		C9CDA9912FE02D43009988B8 /* Mise */ = {
			isa = PBXNativeTarget;
			buildConfigurationList = C9CDA9B32FE02D46009988B8 /* Build configuration list for PBXNativeTarget "Mise" */;
			buildPhases = (
				C9CDA98E2FE02D43009988B8 /* Sources */,
				C9CDA98F2FE02D43009988B8 /* Frameworks */,
				C9CDA9902FE02D43009988B8 /* Resources */,
			);
			buildRules = (
			);
			dependencies = (
			);
			fileSystemSynchronizedGroups = (
				C9CDA9942FE02D43009988B8 /* Mise */,
			);
			name = Mise;
			packageProductDependencies = (
			);
			productName = Mise;
			productReference = C9CDA9922FE02D43009988B8 /* MiseControl.app */;
			productType = "com.apple.product-type.application";
		};
		C9CDA99E2FE02D45009988B8 /* MiseTests */ = {
			isa = PBXNativeTarget;
			buildConfigurationList = C9CDA9B62FE02D46009988B8 /* Build configuration list for PBXNativeTarget "MiseTests" */;
			buildPhases = (
				C9CDA99B2FE02D45009988B8 /* Sources */,
				C9CDA99C2FE02D45009988B8 /* Frameworks */,
				C9CDA99D2FE02D45009988B8 /* Resources */,
			);
			buildRules = (
			);
			dependencies = (
				C9CDA9A12FE02D45009988B8 /* PBXTargetDependency */,
			);
			fileSystemSynchronizedGroups = (
				C9CDA9A22FE02D45009988B8 /* MiseTests */,
			);
			name = MiseTests;
			packageProductDependencies = (
			);
			productName = MiseTests;
			productReference = C9CDA99F2FE02D45009988B8 /* MiseTests.xctest */;
			productType = "com.apple.product-type.bundle.unit-test";
		};
		C9CDA9A82FE02D46009988B8 /* MiseUITests */ = {
			isa = PBXNativeTarget;
			buildConfigurationList = C9CDA9B92FE02D46009988B8 /* Build configuration list for PBXNativeTarget "MiseUITests" */;
			buildPhases = (
				C9CDA9A52FE02D46009988B8 /* Sources */,
				C9CDA9A62FE02D46009988B8 /* Frameworks */,
				C9CDA9A72FE02D46009988B8 /* Resources */,
			);
			buildRules = (
			);
			dependencies = (
				C9CDA9AB2FE02D46009988B8 /* PBXTargetDependency */,
			);
			fileSystemSynchronizedGroups = (
				C9CDA9AC2FE02D46009988B8 /* MiseUITests */,
			);
			name = MiseUITests;
			packageProductDependencies = (
			);
			productName = MiseUITests;
			productReference = C9CDA9A92FE02D46009988B8 /* MiseUITests.xctest */;
			productType = "com.apple.product-type.bundle.ui-testing";
		};
/* End PBXNativeTarget section */

/* Begin PBXProject section */
		C9CDA98A2FE02D43009988B8 /* Project object */ = {
			isa = PBXProject;
			attributes = {
				BuildIndependentTargetsInParallel = 1;
				LastSwiftUpdateCheck = 2650;
				LastUpgradeCheck = 2650;
				TargetAttributes = {
					C9CDA9912FE02D43009988B8 = {
						CreatedOnToolsVersion = 26.5;
					};
					C9CDA99E2FE02D45009988B8 = {
						CreatedOnToolsVersion = 26.5;
						TestTargetID = C9CDA9912FE02D43009988B8;
					};
					C9CDA9A82FE02D46009988B8 = {
						CreatedOnToolsVersion = 26.5;
						TestTargetID = C9CDA9912FE02D43009988B8;
					};
				};
			};
			buildConfigurationList = C9CDA98D2FE02D43009988B8 /* Build configuration list for PBXProject "Mise" */;
			developmentRegion = en;
			hasScannedForEncodings = 0;
			knownRegions = (
				en,
				Base,
			);
			mainGroup = C9CDA9892FE02D43009988B8;
			minimizedProjectReferenceProxies = 1;
			preferredProjectObjectVersion = 77;
			productRefGroup = C9CDA9932FE02D43009988B8 /* Products */;
			projectDirPath = "";
			projectRoot = "";
			targets = (
				C9CDA9912FE02D43009988B8 /* Mise */,
				C9CDA99E2FE02D45009988B8 /* MiseTests */,
				C9CDA9A82FE02D46009988B8 /* MiseUITests */,
			);
		};
/* End PBXProject section */

/* Begin PBXResourcesBuildPhase section */
		C9CDA9902FE02D43009988B8 /* Resources */ = {
			isa = PBXResourcesBuildPhase;
			buildActionMask = 2147483647;
			files = (
			);
			runOnlyForDeploymentPostprocessing = 0;
		};
		C9CDA99D2FE02D45009988B8 /* Resources */ = {
			isa = PBXResourcesBuildPhase;
			buildActionMask = 2147483647;
			files = (
			);
			runOnlyForDeploymentPostprocessing = 0;
		};
		C9CDA9A72FE02D46009988B8 /* Resources */ = {
			isa = PBXResourcesBuildPhase;
			buildActionMask = 2147483647;
			files = (
			);
			runOnlyForDeploymentPostprocessing = 0;
		};
/* End PBXResourcesBuildPhase section */

/* Begin PBXSourcesBuildPhase section */
		C9CDA98E2FE02D43009988B8 /* Sources */ = {
			isa = PBXSourcesBuildPhase;
			buildActionMask = 2147483647;
			files = (
			);
			runOnlyForDeploymentPostprocessing = 0;
		};
		C9CDA99B2FE02D45009988B8 /* Sources */ = {
			isa = PBXSourcesBuildPhase;
			buildActionMask = 2147483647;
			files = (
			);
			runOnlyForDeploymentPostprocessing = 0;
		};
		C9CDA9A52FE02D46009988B8 /* Sources */ = {
			isa = PBXSourcesBuildPhase;
			buildActionMask = 2147483647;
			files = (
			);
			runOnlyForDeploymentPostprocessing = 0;
		};
/* End PBXSourcesBuildPhase section */

/* Begin PBXTargetDependency section */
		C9CDA9A12FE02D45009988B8 /* PBXTargetDependency */ = {
			isa = PBXTargetDependency;
			target = C9CDA9912FE02D43009988B8 /* Mise */;
			targetProxy = C9CDA9A02FE02D45009988B8 /* PBXContainerItemProxy */;
		};
		C9CDA9AB2FE02D46009988B8 /* PBXTargetDependency */ = {
			isa = PBXTargetDependency;
			target = C9CDA9912FE02D43009988B8 /* Mise */;
			targetProxy = C9CDA9AA2FE02D46009988B8 /* PBXContainerItemProxy */;
		};
/* End PBXTargetDependency section */

/* Begin XCBuildConfiguration section */
		C9CDA9B12FE02D46009988B8 /* Debug */ = {
			isa = XCBuildConfiguration;
			buildSettings = {
				ALWAYS_SEARCH_USER_PATHS = NO;
				ASSETCATALOG_COMPILER_GENERATE_SWIFT_ASSET_SYMBOL_EXTENSIONS = YES;
				CLANG_ANALYZER_NONNULL = YES;
				CLANG_ANALYZER_NUMBER_OBJECT_CONVERSION = YES_AGGRESSIVE;
				CLANG_CXX_LANGUAGE_STANDARD = "gnu++20";
				CLANG_ENABLE_MODULES = YES;
				CLANG_ENABLE_OBJC_ARC = YES;
				CLANG_ENABLE_OBJC_WEAK = YES;
				CLANG_WARN_BLOCK_CAPTURE_AUTORELEASING = YES;
				CLANG_WARN_BOOL_CONVERSION = YES;
				CLANG_WARN_COMMA = YES;
				CLANG_WARN_CONSTANT_CONVERSION = YES;
				CLANG_WARN_DEPRECATED_OBJC_IMPLEMENTATIONS = YES;
				CLANG_WARN_DIRECT_OBJC_ISA_USAGE = YES_ERROR;
				CLANG_WARN_DOCUMENTATION_COMMENTS = YES;
				CLANG_WARN_EMPTY_BODY = YES;
				CLANG_WARN_ENUM_CONVERSION = YES;
				CLANG_WARN_INFINITE_RECURSION = YES;
				CLANG_WARN_INT_CONVERSION = YES;
				CLANG_WARN_NON_LITERAL_NULL_CONVERSION = YES;
				CLANG_WARN_OBJC_IMPLICIT_RETAIN_SELF = YES;
				CLANG_WARN_OBJC_LITERAL_CONVERSION = YES;
				CLANG_WARN_OBJC_ROOT_CLASS = YES_ERROR;
				CLANG_WARN_QUOTED_INCLUDE_IN_FRAMEWORK_HEADER = YES;
				CLANG_WARN_RANGE_LOOP_ANALYSIS = YES;
				CLANG_WARN_STRICT_PROTOTYPES = YES;
				CLANG_WARN_SUSPICIOUS_MOVE = YES;
				CLANG_WARN_UNGUARDED_AVAILABILITY = YES_AGGRESSIVE;
				CLANG_WARN_UNREACHABLE_CODE = YES;
				CLANG_WARN__DUPLICATE_METHOD_MATCH = YES;
				COPY_PHASE_STRIP = NO;
				DEBUG_INFORMATION_FORMAT = dwarf;
				ENABLE_STRICT_OBJC_MSGSEND = YES;
				ENABLE_TESTABILITY = YES;
				ENABLE_USER_SCRIPT_SANDBOXING = YES;
				GCC_C_LANGUAGE_STANDARD = gnu17;
				GCC_DYNAMIC_NO_PIC = NO;
				GCC_NO_COMMON_BLOCKS = YES;
				GCC_OPTIMIZATION_LEVEL = 0;
				GCC_PREPROCESSOR_DEFINITIONS = (
					"DEBUG=1",
					"$(inherited)",
				);
				GCC_WARN_64_TO_32_BIT_CONVERSION = YES;
				GCC_WARN_ABOUT_RETURN_TYPE = YES_ERROR;
				GCC_WARN_UNDECLARED_SELECTOR = YES;
				GCC_WARN_UNINITIALIZED_AUTOS = YES_AGGRESSIVE;
				GCC_WARN_UNUSED_FUNCTION = YES;
				GCC_WARN_UNUSED_VARIABLE = YES;
				IPHONEOS_DEPLOYMENT_TARGET = 17.0;
				LOCALIZATION_PREFERS_STRING_CATALOGS = YES;
				MTL_ENABLE_DEBUG_INFO = INCLUDE_SOURCE;
				MTL_FAST_MATH = YES;
				ONLY_ACTIVE_ARCH = YES;
				SDKROOT = iphoneos;
				SWIFT_ACTIVE_COMPILATION_CONDITIONS = "DEBUG $(inherited)";
				SWIFT_OPTIMIZATION_LEVEL = "-Onone";
			};
			name = Debug;
		};
		C9CDA9B22FE02D46009988B8 /* Release */ = {
			isa = XCBuildConfiguration;
			buildSettings = {
				ALWAYS_SEARCH_USER_PATHS = NO;
				ASSETCATALOG_COMPILER_GENERATE_SWIFT_ASSET_SYMBOL_EXTENSIONS = YES;
				CLANG_ANALYZER_NONNULL = YES;
				CLANG_ANALYZER_NUMBER_OBJECT_CONVERSION = YES_AGGRESSIVE;
				CLANG_CXX_LANGUAGE_STANDARD = "gnu++20";
				CLANG_ENABLE_MODULES = YES;
				CLANG_ENABLE_OBJC_ARC = YES;
				CLANG_ENABLE_OBJC_WEAK = YES;
				CLANG_WARN_BLOCK_CAPTURE_AUTORELEASING = YES;
				CLANG_WARN_BOOL_CONVERSION = YES;
				CLANG_WARN_COMMA = YES;
				CLANG_WARN_CONSTANT_CONVERSION = YES;
				CLANG_WARN_DEPRECATED_OBJC_IMPLEMENTATIONS = YES;
				CLANG_WARN_DIRECT_OBJC_ISA_USAGE = YES_ERROR;
				CLANG_WARN_DOCUMENTATION_COMMENTS = YES;
				CLANG_WARN_EMPTY_BODY = YES;
				CLANG_WARN_ENUM_CONVERSION = YES;
				CLANG_WARN_INFINITE_RECURSION = YES;
				CLANG_WARN_INT_CONVERSION = YES;
				CLANG_WARN_NON_LITERAL_NULL_CONVERSION = YES;
				CLANG_WARN_OBJC_IMPLICIT_RETAIN_SELF = YES;
				CLANG_WARN_OBJC_LITERAL_CONVERSION = YES;
				CLANG_WARN_OBJC_ROOT_CLASS = YES_ERROR;
				CLANG_WARN_QUOTED_INCLUDE_IN_FRAMEWORK_HEADER = YES;
				CLANG_WARN_RANGE_LOOP_ANALYSIS = YES;
				CLANG_WARN_STRICT_PROTOTYPES = YES;
				CLANG_WARN_SUSPICIOUS_MOVE = YES;
				CLANG_WARN_UNGUARDED_AVAILABILITY = YES_AGGRESSIVE;
				CLANG_WARN_UNREACHABLE_CODE = YES;
				CLANG_WARN__DUPLICATE_METHOD_MATCH = YES;
				COPY_PHASE_STRIP = NO;
				DEBUG_INFORMATION_FORMAT = "dwarf-with-dsym";
				ENABLE_NS_ASSERTIONS = NO;
				ENABLE_STRICT_OBJC_MSGSEND = YES;
				ENABLE_USER_SCRIPT_SANDBOXING = YES;
				GCC_C_LANGUAGE_STANDARD = gnu17;
				GCC_NO_COMMON_BLOCKS = YES;
				GCC_WARN_64_TO_32_BIT_CONVERSION = YES;
				GCC_WARN_ABOUT_RETURN_TYPE = YES_ERROR;
				GCC_WARN_UNDECLARED_SELECTOR = YES;
				GCC_WARN_UNINITIALIZED_AUTOS = YES_AGGRESSIVE;
				GCC_WARN_UNUSED_FUNCTION = YES;
				GCC_WARN_UNUSED_VARIABLE = YES;
				IPHONEOS_DEPLOYMENT_TARGET = 17.0;
				LOCALIZATION_PREFERS_STRING_CATALOGS = YES;
				MTL_ENABLE_DEBUG_INFO = NO;
				MTL_FAST_MATH = YES;
				SDKROOT = iphoneos;
				SWIFT_COMPILATION_MODE = incremental;
				VALIDATE_PRODUCT = YES;
			};
			name = Release;
		};
		C9CDA9B42FE02D46009988B8 /* Debug */ = {
			isa = XCBuildConfiguration;
			buildSettings = {
				ASSETCATALOG_COMPILER_APPICON_NAME = AppIcon;
				ASSETCATALOG_COMPILER_GLOBAL_ACCENT_COLOR_NAME = AccentColor;
				CODE_SIGN_ENTITLEMENTS = Mise/Mise.entitlements;
				CODE_SIGN_STYLE = Automatic;
				CURRENT_PROJECT_VERSION = 3;
				DEVELOPMENT_TEAM = J6TW52VHQQ;
				ENABLE_PREVIEWS = YES;
				GENERATE_INFOPLIST_FILE = YES;
				INFOPLIST_KEY_CFBundleDisplayName = Mise;
				INFOPLIST_KEY_NSCameraUsageDescription = "Used to scan the venue QR code during setup.";
				INFOPLIST_KEY_NSFaceIDUsageDescription = "Enables quick login without entering a PIN.";
				INFOPLIST_KEY_NSLocationWhenInUseUsageDescription = "Used only when you tap \"I'm here\" to confirm arrival at your workplace. Location is read once at check-in — no background tracking.";
				INFOPLIST_KEY_NSMicrophoneUsageDescription = "Used by the AI assistant to listen to your voice commands.";
				INFOPLIST_KEY_NSSpeechRecognitionUsageDescription = "Used by the AI assistant to convert your voice to text.";
				INFOPLIST_KEY_UIApplicationSceneManifest_Generation = YES;
				INFOPLIST_KEY_UIApplicationSupportsIndirectInputEvents = YES;
				INFOPLIST_KEY_UILaunchScreen_Generation = YES;
				INFOPLIST_KEY_UISupportedInterfaceOrientations_iPad = "UIInterfaceOrientationPortrait UIInterfaceOrientationPortraitUpsideDown UIInterfaceOrientationLandscapeLeft UIInterfaceOrientationLandscapeRight";
				INFOPLIST_KEY_UISupportedInterfaceOrientations_iPhone = "UIInterfaceOrientationPortrait UIInterfaceOrientationLandscapeLeft UIInterfaceOrientationLandscapeRight";
				LD_RUNPATH_SEARCH_PATHS = (
					"$(inherited)",
					"@executable_path/Frameworks",
				);
				MARKETING_VERSION = 1.0.2;
				PRODUCT_BUNDLE_IDENTIFIER = com.rahim.mise;
				PRODUCT_NAME = MiseControl;
				STRING_CATALOG_GENERATE_SYMBOLS = YES;
				SWIFT_APPROACHABLE_CONCURRENCY = YES;
				SWIFT_DEFAULT_ACTOR_ISOLATION = MainActor;
				SWIFT_EMIT_LOC_STRINGS = YES;
				SWIFT_UPCOMING_FEATURE_MEMBER_IMPORT_VISIBILITY = YES;
				SWIFT_VERSION = 5.0;
				TARGETED_DEVICE_FAMILY = 1;
			};
			name = Debug;
		};
		C9CDA9B52FE02D46009988B8 /* Release */ = {
			isa = XCBuildConfiguration;
			buildSettings = {
				ASSETCATALOG_COMPILER_APPICON_NAME = AppIcon;
				ASSETCATALOG_COMPILER_GLOBAL_ACCENT_COLOR_NAME = AccentColor;
				CODE_SIGN_ENTITLEMENTS = Mise/Mise.entitlements;
				CODE_SIGN_STYLE = Automatic;
				CURRENT_PROJECT_VERSION = 3;
				DEVELOPMENT_TEAM = J6TW52VHQQ;
				ENABLE_PREVIEWS = YES;
				GENERATE_INFOPLIST_FILE = YES;
				INFOPLIST_KEY_CFBundleDisplayName = Mise;
				INFOPLIST_KEY_NSCameraUsageDescription = "Used to scan the venue QR code during setup.";
				INFOPLIST_KEY_NSFaceIDUsageDescription = "Enables quick login without entering a PIN.";
				INFOPLIST_KEY_NSLocationWhenInUseUsageDescription = "Used only when you tap \"I'm here\" to confirm arrival at your workplace. Location is read once at check-in — no background tracking.";
				INFOPLIST_KEY_NSMicrophoneUsageDescription = "Used by the AI assistant to listen to your voice commands.";
				INFOPLIST_KEY_NSSpeechRecognitionUsageDescription = "Used by the AI assistant to convert your voice to text.";
				INFOPLIST_KEY_UIApplicationSceneManifest_Generation = YES;
				INFOPLIST_KEY_UIApplicationSupportsIndirectInputEvents = YES;
				INFOPLIST_KEY_UILaunchScreen_Generation = YES;
				INFOPLIST_KEY_UISupportedInterfaceOrientations_iPad = "UIInterfaceOrientationPortrait UIInterfaceOrientationPortraitUpsideDown UIInterfaceOrientationLandscapeLeft UIInterfaceOrientationLandscapeRight";
				INFOPLIST_KEY_UISupportedInterfaceOrientations_iPhone = "UIInterfaceOrientationPortrait UIInterfaceOrientationLandscapeLeft UIInterfaceOrientationLandscapeRight";
				LD_RUNPATH_SEARCH_PATHS = (
					"$(inherited)",
					"@executable_path/Frameworks",
				);
				MARKETING_VERSION = 1.0.2;
				PRODUCT_BUNDLE_IDENTIFIER = com.rahim.mise;
				PRODUCT_NAME = MiseControl;
				STRING_CATALOG_GENERATE_SYMBOLS = YES;
				SWIFT_APPROACHABLE_CONCURRENCY = YES;
				SWIFT_DEFAULT_ACTOR_ISOLATION = MainActor;
				SWIFT_EMIT_LOC_STRINGS = YES;
				SWIFT_OPTIMIZATION_LEVEL = "-Onone";
				SWIFT_UPCOMING_FEATURE_MEMBER_IMPORT_VISIBILITY = YES;
				SWIFT_VERSION = 5.0;
				TARGETED_DEVICE_FAMILY = 1;
			};
			name = Release;
		};
		C9CDA9B72FE02D46009988B8 /* Debug */ = {
			isa = XCBuildConfiguration;
			buildSettings = {
				BUNDLE_LOADER = "$(TEST_HOST)";
				CODE_SIGN_STYLE = Automatic;
				CURRENT_PROJECT_VERSION = 1;
				GENERATE_INFOPLIST_FILE = YES;
				IPHONEOS_DEPLOYMENT_TARGET = 17.0;
				MARKETING_VERSION = 1.0;
				PRODUCT_BUNDLE_IDENTIFIER = com.misesuite.MiseTests;
				PRODUCT_NAME = "$(TARGET_NAME)";
				STRING_CATALOG_GENERATE_SYMBOLS = NO;
				SWIFT_APPROACHABLE_CONCURRENCY = YES;
				SWIFT_EMIT_LOC_STRINGS = NO;
				SWIFT_UPCOMING_FEATURE_MEMBER_IMPORT_VISIBILITY = YES;
				SWIFT_VERSION = 5.0;
				TARGETED_DEVICE_FAMILY = "1,2";
				TEST_HOST = "$(BUILT_PRODUCTS_DIR)/Mise.app/$(BUNDLE_EXECUTABLE_FOLDER_PATH)/Mise";
			};
			name = Debug;
		};
		C9CDA9B82FE02D46009988B8 /* Release */ = {
			isa = XCBuildConfiguration;
			buildSettings = {
				BUNDLE_LOADER = "$(TEST_HOST)";
				CODE_SIGN_STYLE = Automatic;
				CURRENT_PROJECT_VERSION = 1;
				GENERATE_INFOPLIST_FILE = YES;
				IPHONEOS_DEPLOYMENT_TARGET = 17.0;
				MARKETING_VERSION = 1.0;
				PRODUCT_BUNDLE_IDENTIFIER = com.misesuite.MiseTests;
				PRODUCT_NAME = "$(TARGET_NAME)";
				STRING_CATALOG_GENERATE_SYMBOLS = NO;
				SWIFT_APPROACHABLE_CONCURRENCY = YES;
				SWIFT_EMIT_LOC_STRINGS = NO;
				SWIFT_UPCOMING_FEATURE_MEMBER_IMPORT_VISIBILITY = YES;
				SWIFT_VERSION = 5.0;
				TARGETED_DEVICE_FAMILY = "1,2";
				TEST_HOST = "$(BUILT_PRODUCTS_DIR)/Mise.app/$(BUNDLE_EXECUTABLE_FOLDER_PATH)/Mise";
			};
			name = Release;
		};
		C9CDA9BA2FE02D46009988B8 /* Debug */ = {
			isa = XCBuildConfiguration;
			buildSettings = {
				CODE_SIGN_STYLE = Automatic;
				CURRENT_PROJECT_VERSION = 1;
				GENERATE_INFOPLIST_FILE = YES;
				MARKETING_VERSION = 1.0;
				PRODUCT_BUNDLE_IDENTIFIER = com.misesuite.MiseUITests;
				PRODUCT_NAME = "$(TARGET_NAME)";
				STRING_CATALOG_GENERATE_SYMBOLS = NO;
				SWIFT_APPROACHABLE_CONCURRENCY = YES;
				SWIFT_EMIT_LOC_STRINGS = NO;
				SWIFT_UPCOMING_FEATURE_MEMBER_IMPORT_VISIBILITY = YES;
				SWIFT_VERSION = 5.0;
				TARGETED_DEVICE_FAMILY = "1,2";
				TEST_TARGET_NAME = Mise;
			};
			name = Debug;
		};
		C9CDA9BB2FE02D46009988B8 /* Release */ = {
			isa = XCBuildConfiguration;
			buildSettings = {
				CODE_SIGN_STYLE = Automatic;
				CURRENT_PROJECT_VERSION = 1;
				GENERATE_INFOPLIST_FILE = YES;
				MARKETING_VERSION = 1.0;
				PRODUCT_BUNDLE_IDENTIFIER = com.misesuite.MiseUITests;
				PRODUCT_NAME = "$(TARGET_NAME)";
				STRING_CATALOG_GENERATE_SYMBOLS = NO;
				SWIFT_APPROACHABLE_CONCURRENCY = YES;
				SWIFT_EMIT_LOC_STRINGS = NO;
				SWIFT_UPCOMING_FEATURE_MEMBER_IMPORT_VISIBILITY = YES;
				SWIFT_VERSION = 5.0;
				TARGETED_DEVICE_FAMILY = "1,2";
				TEST_TARGET_NAME = Mise;
			};
			name = Release;
		};
/* End XCBuildConfiguration section */

/* Begin XCConfigurationList section */
		C9CDA98D2FE02D43009988B8 /* Build configuration list for PBXProject "Mise" */ = {
			isa = XCConfigurationList;
			buildConfigurations = (
				C9CDA9B12FE02D46009988B8 /* Debug */,
				C9CDA9B22FE02D46009988B8 /* Release */,
			);
			defaultConfigurationIsVisible = 0;
			defaultConfigurationName = Release;
		};
		C9CDA9B32FE02D46009988B8 /* Build configuration list for PBXNativeTarget "Mise" */ = {
			isa = XCConfigurationList;
			buildConfigurations = (
				C9CDA9B42FE02D46009988B8 /* Debug */,
				C9CDA9B52FE02D46009988B8 /* Release */,
			);
			defaultConfigurationIsVisible = 0;
			defaultConfigurationName = Release;
		};
		C9CDA9B62FE02D46009988B8 /* Build configuration list for PBXNativeTarget "MiseTests" */ = {
			isa = XCConfigurationList;
			buildConfigurations = (
				C9CDA9B72FE02D46009988B8 /* Debug */,
				C9CDA9B82FE02D46009988B8 /* Release */,
			);
			defaultConfigurationIsVisible = 0;
			defaultConfigurationName = Release;
		};
		C9CDA9B92FE02D46009988B8 /* Build configuration list for PBXNativeTarget "MiseUITests" */ = {
			isa = XCConfigurationList;
			buildConfigurations = (
				C9CDA9BA2FE02D46009988B8 /* Debug */,
				C9CDA9BB2FE02D46009988B8 /* Release */,
			);
			defaultConfigurationIsVisible = 0;
			defaultConfigurationName = Release;
		};
/* End XCConfigurationList section */
	};
	rootObject = C9CDA98A2FE02D43009988B8 /* Project object */;
}
